GEM
  remote: https://rubygems.org/
  specs:
    childprocess (0.8.0)
      ffi (~> 1.0, >= 1.0.11)
    domain_name (0.5.20170404)
      unf (>= 0.0.5, < 1.0.0)
    ffi (1.9.18)
    fxruby (1.6.40)
      mini_portile2 (~> 2.1)
    http-cookie (1.0.3)
      domain_name (~> 0.5)
    jwt (1.5.4)
    mechanize (2.7.5)
      domain_name (~> 0.5, >= 0.5.1)
      http-cookie (~> 1.0)
      mime-types (>= 1.17.2)
      net-http-digest_auth (~> 1.1, >= 1.1.1)
      net-http-persistent (~> 2.5, >= 2.5.2)
      nokogiri (~> 1.6)
      ntlm-http (~> 0.1, >= 0.1.1)
      webrobots (>= 0.0.9, < 0.2)
    mime-types (3.1)
      mime-types-data (~> 3.2015)
    mime-types-data (3.2016.0521)
    mini_portile2 (2.3.0)
    net-http-digest_auth (1.4.1)
    net-http-persistent (2.9.4)
    net-http-pipeline (1.0.1)
    nfnetlink (1.0.2)
      ffi
    nfqueue (1.0.4)
      ffi
      nfnetlink
    nokogiri (1.8.4)
      mini_portile2 (~> 2.3.0)
    ntlm-http (0.1.1)
    rubyzip (1.2.1)
    selenium-webdriver (3.0.1)
      childprocess (~> 0.5)
      rubyzip (~> 1.0)
      websocket (~> 1.0)
    unf (0.1.4)
      unf_ext
    unf_ext (0.0.7.4)
    webrobots (0.1.2)
    websocket (1.2.5)

PLATFORMS
  ruby

DEPENDENCIES
  fxruby (= 1.6.40)
  jwt (= 1.5.4)
  mechanize (= 2.7.5)
  net-http-pipeline (= 1.0.1)
  nfqueue (= 1.0.4)
  selenium-webdriver (= 3.0.1)

BUNDLED WITH
   1.17.2
