PATH
  remote: /dumpster/Projects/devenv
  specs:
    devenv (0.8)

GEM
  remote: https://rubygems.org/
  specs:
    addressable (2.8.6)
      public_suffix (>= 2.0.2, < 6.0)
    coderay (1.1.3)
    commonmarker (0.23.10)
    connection_pool (2.4.1)
    damerau-levenshtein (1.3.3)
    diff-lcs (1.5.0)
    domain_name (0.6.20231109)
    ffi (1.16.3)
    fxruby (1.6.46)
      mini_portile2 (~> 2.1)
    http-cookie (1.0.5)
      domain_name (~> 0.5)
    jwt (2.7.1)
    kmeans-clusterer (0.11.4)
      narray (~> 0.6)
    mechanize (2.9.1)
      addressable (~> 2.8)
      domain_name (~> 0.5, >= 0.5.20190701)
      http-cookie (~> 1.0, >= 1.0.3)
      mime-types (~> 3.0)
      net-http-digest_auth (~> 1.4, >= 1.4.1)
      net-http-persistent (>= 2.5.2, < 5.0.dev)
      nokogiri (~> 1.11, >= 1.11.2)
      rubyntlm (~> 0.6, >= 0.6.3)
      webrick (~> 1.7)
      webrobots (~> 0.1.2)
    method_source (1.0.0)
    mime-types (3.5.1)
      mime-types-data (~> 3.2015)
    mime-types-data (3.2023.1205)
    mini_portile2 (2.8.5)
    mustermann (3.0.0)
      ruby2_keywords (~> 0.0.1)
    narray (0.6.1.2)
    net-http-digest_auth (1.4.1)
    net-http-persistent (4.0.2)
      connection_pool (~> 2.2)
    nfnetlink (1.0.2)
      ffi
    nfqueue (1.0.4)
      ffi
      nfnetlink
    nokogiri (1.16.0-x86_64-linux)
      racc (~> 1.4)
    openapi3_parser (0.9.2)
      commonmarker (~> 0.17)
    optimist (3.1.0)
    pry (0.14.2)
      coderay (~> 1.1)
      method_source (~> 1.0)
    public_suffix (5.0.4)
    racc (1.7.3)
    rack (2.2.8)
    rack-protection (3.1.0)
      rack (~> 2.2, >= 2.2.4)
    rexml (3.2.6)
    rspec (3.12.0)
      rspec-core (~> 3.12.0)
      rspec-expectations (~> 3.12.0)
      rspec-mocks (~> 3.12.0)
    rspec-core (3.12.2)
      rspec-support (~> 3.12.0)
    rspec-expectations (3.12.3)
      diff-lcs (>= 1.2.0, < 2.0)
      rspec-support (~> 3.12.0)
    rspec-mocks (3.12.6)
      diff-lcs (>= 1.2.0, < 2.0)
      rspec-support (~> 3.12.0)
    rspec-support (3.12.1)
    ruby2_keywords (0.0.5)
    rubyntlm (0.6.3)
    rubyzip (2.3.2)
    selenium-webdriver (4.16.0)
      rexml (~> 3.2, >= 3.2.5)
      rubyzip (>= 1.2.2, < 3.0)
      websocket (~> 1.0)
    sinatra (3.1.0)
      mustermann (~> 3.0)
      rack (~> 2.2, >= 2.2.4)
      rack-protection (= 3.1.0)
      tilt (~> 2.0)
    tilt (2.3.0)
    uri (0.13.0)
    webrick (1.8.1)
    webrobots (0.1.2)
    websocket (1.2.10)
    xmlrpc (0.3.3)
      webrick

PLATFORMS
  x86_64-linux

DEPENDENCIES
  damerau-levenshtein
  devenv (= 0.8)!
  fxruby (= 1.6.46)
  jwt
  kmeans-clusterer
  mechanize
  nfqueue (= 1.0.4)
  nokogiri
  openapi3_parser
  optimist
  pry
  rspec
  rubyntlm
  selenium-webdriver
  sinatra
  uri
  xmlrpc

BUNDLED WITH
   2.4.3
